{
    "_meta": {
        "hash": {
            "sha256": "59b382004b7ec550f87bfb316a5d4e2bf5cc70495b9f7fe4182d9d67c774bdde"
        },
        "pipfile-spec": 6,
        "requires": {
            "python_version": "3.10"
        },
        "sources": [
            {
                "name": "pypi",
                "url": "https://pypi.org/simple",
                "verify_ssl": true
            }
        ]
    },
    "default": {
        "numpy": {
            "hashes": [
                "sha256:0d60fbae8e0019865fc4784745814cff1c421df5afee233db6d88ab4f14655a2",
                "sha256:1a1329e26f46230bf77b02cc19e900db9b52f398d6722ca853349a782d4cff55",
                "sha256:1b9735c27cea5d995496f46a8b1cd7b408b3f34b6d50459d9ac8fe3a20cc17bf",
                "sha256:2792d23d62ec51e50ce4d4b7d73de8f67a2fd3ea710dcbc8563a51a03fb07b01",
                "sha256:3e0746410e73384e70d286f93abf2520035250aad8c5714240b0492a7302fdca",
                "sha256:4c3abc71e8b6edba80a01a52e66d83c5d14433cbcd26a40c329ec7ed09f37901",
                "sha256:5883c06bb92f2e6c8181df7b39971a5fb436288db58b5a1c3967702d4278691d",
                "sha256:5c97325a0ba6f9d041feb9390924614b60b99209a71a69c876f71052521d42a4",
                "sha256:60e7f0f7f6d0eee8364b9a6304c2845b9c491ac706048c7e8cf47b83123b8dbf",
                "sha256:76b4115d42a7dfc5d485d358728cdd8719be33cc5ec6ec08632a5d6fca2ed380",
                "sha256:7dc869c0c75988e1c693d0e2d5b26034644399dd929bc049db55395b1379e044",
                "sha256:834b386f2b8210dca38c71a6e0f4fd6922f7d3fcff935dbe3a570945acb1b545",
                "sha256:8b77775f4b7df768967a7c8b3567e309f617dd5e99aeb886fa14dc1a0791141f",
                "sha256:90319e4f002795ccfc9050110bbbaa16c944b1c37c0baeea43c5fb881693ae1f",
                "sha256:b79e513d7aac42ae918db3ad1341a015488530d0bb2a6abcbdd10a3a829ccfd3",
                "sha256:bb33d5a1cf360304754913a350edda36d5b8c5331a8237268c48f91253c3a364",
                "sha256:bec1e7213c7cb00d67093247f8c4db156fd03075f49876957dca4711306d39c9",
                "sha256:c5462d19336db4560041517dbb7759c21d181a67cb01b36ca109b2ae37d32418",
                "sha256:c5652ea24d33585ea39eb6a6a15dac87a1206a692719ff45d53c5282e66d4a8f",
                "sha256:d7806500e4f5bdd04095e849265e55de20d8cc4b661b038957354327f6d9b295",
                "sha256:db3ccc4e37a6873045580d413fe79b68e47a681af8db2e046f1dacfa11f86eb3",
                "sha256:dfe4a913e29b418d096e696ddd422d8a5d13ffba4ea91f9f60440a3b759b0187",
                "sha256:eb942bfb6f84df5ce05dbf4b46673ffed0d3da59f13635ea9b926af3deb76926",
                "sha256:f08f2e037bba04e707eebf4bc934f1972a315c883a9e0ebfa8a7756eabf9e357",
                "sha256:fd608e19c8d7c55021dffd43bfe5492fab8cc105cc8986f813f8c3c048b38760"
            ],
            "index": "pypi",
            "markers": "python_version >= '3.9'",
            "version": "==1.25.2"
        },
        "opencv-python": {
            "hashes": [
                "sha256:48eb3121d809a873086d6677565e3ac963e6946110d13cd115533fa70e2aa2eb",
                "sha256:56d84c43ce800938b9b1ec74b33942b2edbcef3f70c2754eb9bfe5dff1ee3ace",
                "sha256:67bce4b9aad307c98a9a07c6afb7de3a4e823c1f4991d6d8e88e229e7dfeee59",
                "sha256:93871871b1c9d6b125cddd45b0638a2fa01ee9fd37f5e428823f750e404f2f15",
                "sha256:9bcb4944211acf13742dbfd9d3a11dc4e36353ffa1746f2c7dcd6a01c32d1376",
                "sha256:b2349dc9f97ed6c9ba163d0a7a24bcef9695a3e216cd143e92f1b9659c5d9a49",
                "sha256:ba32cfa75a806abd68249699d34420737d27b5678553387fc5768747a6492147"
            ],
            "index": "pypi",
            "markers": "python_version >= '3.6'",
            "version": "==4.8.0.76"
        },
        "packaging": {
            "hashes": [
                "sha256:994793af429502c4ea2ebf6bf664629d07c1a9fe974af92966e4b8d2df7edc61",
                "sha256:a392980d2b6cffa644431898be54b0045151319d1e7ec34f0cfed48767dd334f"
            ],
            "markers": "python_version >= '3.7'",
            "version": "==23.1"
        },
        "pyside6": {
            "hashes": [
                "sha256:0356dc73c138c25b980d716e425801a61d4aa1d9f7811cf8a825499edfd4d1ae",
                "sha256:ad82cb12f805c5bec7693d6f1c0d6e4ae4b9462eb368a81bc0d3091de8fae76e",
                "sha256:b509e4d3ffde4a594d70000f881452643c9aaed800bad2959882075c01f72428",
                "sha256:ca259b4377eb74e4c9cb74a2afb18c37658f0c83dc18229d1f325974739f6df2",
                "sha256:e6d879ca0f8827a7866856fbedd08857e4bd8f9a858dc998dea10d1913e97938",
                "sha256:f0944cb0da34dc3b0bb62c7a20b6618667760eccdaa4262a90ba7f64b19fb783"
            ],
            "index": "pypi",
            "markers": "python_version < '3.12' and python_version >= '3.7'",
            "version": "==6.5.2"
        },
        "pyside6-addons": {
            "hashes": [
                "sha256:15bf592e54b3409853c3db23bdb20fb14725b84d50feee862e8b2a3a8a3a0627",
                "sha256:26b55a658fed94a0b3c09927b408663860aca530bf6e83040dcb8fdcc221877d",
                "sha256:793a53b7db32f7780fa9571a14f0bce3700604247127cdb2125b380c577a92eb",
                "sha256:a31cb7eca2e8cd80332e131124ed9ad197610a2a80eac4f2bd58e9124e38060a",
                "sha256:bea98d823179b814109dcf3ac6c8a0eddf886570aa9ef8ef09b6bae37bc227ca",
                "sha256:c77e06fd511cc8b9292c01724504d6806c33c1f5904bc59f5a8c560a74c15438"
            ],
            "markers": "python_version < '3.12' and python_version >= '3.7'",
            "version": "==6.5.2"
        },
        "pyside6-essentials": {
            "hashes": [
                "sha256:149f1db77d82f35c6a88a403f5297645ebe737df28e163ac4dc402dfa0b961ee",
                "sha256:1620e82b38714a1570b142c01694d0415a25526517b24620ff9b00c9f76cfca9",
                "sha256:4be6ed964cb863823f2788717b9a6ba8f1d94eb3fa2bf1584f4621ab5e021e27",
                "sha256:6b21cf78b33554f793d409d79b828d9578d34200c86f813ef1b8dac756589b71",
                "sha256:c9606de7afaee57f2c0861cc4b973bd630556dd38ec0d1542560cba81c27ab81",
                "sha256:e67b10f96f0ac5ed24d7e3c4985d37c70550a9dee6f38b127faf5e5341151665"
            ],
            "markers": "python_version < '3.12' and python_version >= '3.7'",
            "version": "==6.5.2"
        },
        "qtawesome": {
            "hashes": [
                "sha256:0db96484f3ac7a53c88279736b39b6f881a3f6bbd2163d4f0d043b74b1ef9131",
                "sha256:0e8402af52f99f7f7a9d97adfdd715483028202ce8cb00216d9fa14fa8cbfcef"
            ],
            "index": "pypi",
            "markers": "python_version >= '3.7'",
            "version": "==1.2.3"
        },
        "qtpy": {
            "hashes": [
                "sha256:4d4f045a41e09ac9fa57fcb47ef05781aa5af294a0a646acc1b729d14225e741",
                "sha256:db2d508167aa6106781565c8da5c6f1487debacba33519cedc35fa8997d424d4"
            ],
            "markers": "python_version >= '3.7'",
            "version": "==2.4.0"
        },
        "shiboken6": {
            "hashes": [
                "sha256:3fbc35ff3c19e7d39433671bfc1be3d7fa9d071bfdd0ffe1c2a4d27acd6cf6a5",
                "sha256:4e073b40734a7f9cc6ac289c735362967bb45c34f591f7c0fab7cef1d62e6a66",
                "sha256:558bdb3b0ccc8aac5f9029eabfd6ad8d41f93a87cd7f54395e07732fce39280d",
                "sha256:ba7af130d34ea03e329baebd80982d2635aee7e58dbb07a07085509a501ed03f",
                "sha256:cc89759aabafce49b629b189ed7c81986fedaac695714a4eed1aaeb16783c6a9",
                "sha256:e60d8dd3292e3f87662b9e37ae5c558c519f8250da627c473b68bd8d24ed3243"
            ],
            "markers": "python_version < '3.12' and python_version >= '3.7'",
            "version": "==6.5.2"
        }
    },
    "develop": {}
}
